
Microsoft Visual Studio Solution File, Format Version 12.00
# Visual Studio Version 16
VisualStudioVersion = 16.0.31410.357
MinimumVisualStudioVersion = 10.0.40219.1
Project("{FAE04EC0-301F-11D3-BF4B-00C04F79EFBC}") = "EmployeeManager", "EmployeeManager\EmployeeManager.csproj", "{FDF85E16-2406-4F69-93DB-A530A4155CAF}"
EndProject
Project("{FAE04EC0-301F-11D3-BF4B-00C04F79EFBC}") = "UnitTests", "UnitTests\UnitTests.csproj", "{1C42E0C0-2231-46DF-A337-69F20F667127}"
EndProject
Global
	GlobalSection(SolutionConfigurationPlatforms) = preSolution
		Debug|Any CPU = Debug|Any CPU
		Release|Any CPU = Release|Any CPU
	EndGlobalSection
	GlobalSection(ProjectConfigurationPlatforms) = postSolution
		{FDF85E16-2406-4F69-93DB-A530A4155CAF}.Debug|Any CPU.ActiveCfg = Debug|Any CPU
		{FDF85E16-2406-4F69-93DB-A530A4155CAF}.Debug|Any CPU.Build.0 = Debug|Any CPU
		{FDF85E16-2406-4F69-93DB-A530A4155CAF}.Release|Any CPU.ActiveCfg = Release|Any CPU
		{FDF85E16-2406-4F69-93DB-A530A4155CAF}.Release|Any CPU.Build.0 = Release|Any CPU
		{1C42E0C0-2231-46DF-A337-69F20F667127}.Debug|Any CPU.ActiveCfg = Debug|Any CPU
		{1C42E0C0-2231-46DF-A337-69F20F667127}.Debug|Any CPU.Build.0 = Debug|Any CPU
		{1C42E0C0-2231-46DF-A337-69F20F667127}.Release|Any CPU.ActiveCfg = Release|Any CPU
		{1C42E0C0-2231-46DF-A337-69F20F667127}.Release|Any CPU.Build.0 = Release|Any CPU
	EndGlobalSection
	GlobalSection(SolutionProperties) = preSolution
		HideSolutionNode = FALSE
	EndGlobalSection
	GlobalSection(ExtensibilityGlobals) = postSolution
		SolutionGuid = {F3F546EB-D3BE-48AF-B5B4-03E19A814411}
	EndGlobalSection
EndGlobal
